
Microsoft Visual Studio Solution File, Format Version 12.00
# Visual Studio Version 17
VisualStudioVersion = 17.0.31903.59
MinimumVisualStudioVersion = 10.0.40219.1
Project("{FAE04EC0-301F-11D3-BF4B-00C04F79EFBC}") = "EzGfx.BindingGenerator", "EzGfx.BindingGenerator\EzGfx.BindingGenerator.csproj", "{839D6CF1-B20B-4C58-AAA9-EF96712BA4F3}"
EndProject
Project("{FAE04EC0-301F-11D3-BF4B-00C04F79EFBC}") = "EzGfx.Native", "EzGfx.Native\EzGfx.Native.csproj", "{A68BE0B7-C7B0-429B-B5C4-BA769DF5C35F}"
EndProject
Project("{FAE04EC0-301F-11D3-BF4B-00C04F79EFBC}") = "EzGfx", "EzGfx\EzGfx.csproj", "{BF7BB006-35F4-4946-9C84-7A4C93AA877B}"
EndProject
Project("{FAE04EC0-301F-11D3-BF4B-00C04F79EFBC}") = "EzGfx.Examples", "EzGfx.Examples\EzGfx.Examples.csproj", "{C6BDD242-D535-46E4-80E7-B883AE6A2D75}"
EndProject
Project("{FAE04EC0-301F-11D3-BF4B-00C04F79EFBC}") = "EzGfx.Native.Smoke", "EzGfx.Native.Smoke\EzGfx.Native.Smoke.csproj", "{63644994-B654-4343-907B-DF36856484FC}"
EndProject
Global
	GlobalSection(SolutionConfigurationPlatforms) = preSolution
		Debug|Any CPU = Debug|Any CPU
		Debug|x64 = Debug|x64
		Debug|x86 = Debug|x86
		Release|Any CPU = Release|Any CPU
		Release|x64 = Release|x64
		Release|x86 = Release|x86
	EndGlobalSection
	GlobalSection(ProjectConfigurationPlatforms) = postSolution
		{839D6CF1-B20B-4C58-AAA9-EF96712BA4F3}.Debug|Any CPU.ActiveCfg = Debug|Any CPU
		{839D6CF1-B20B-4C58-AAA9-EF96712BA4F3}.Debug|Any CPU.Build.0 = Debug|Any CPU
		{839D6CF1-B20B-4C58-AAA9-EF96712BA4F3}.Debug|x64.ActiveCfg = Debug|Any CPU
		{839D6CF1-B20B-4C58-AAA9-EF96712BA4F3}.Debug|x64.Build.0 = Debug|Any CPU
		{839D6CF1-B20B-4C58-AAA9-EF96712BA4F3}.Debug|x86.ActiveCfg = Debug|Any CPU
		{839D6CF1-B20B-4C58-AAA9-EF96712BA4F3}.Debug|x86.Build.0 = Debug|Any CPU
		{839D6CF1-B20B-4C58-AAA9-EF96712BA4F3}.Release|Any CPU.ActiveCfg = Release|Any CPU
		{839D6CF1-B20B-4C58-AAA9-EF96712BA4F3}.Release|Any CPU.Build.0 = Release|Any CPU
		{839D6CF1-B20B-4C58-AAA9-EF96712BA4F3}.Release|x64.ActiveCfg = Release|Any CPU
		{839D6CF1-B20B-4C58-AAA9-EF96712BA4F3}.Release|x64.Build.0 = Release|Any CPU
		{839D6CF1-B20B-4C58-AAA9-EF96712BA4F3}.Release|x86.ActiveCfg = Release|Any CPU
		{839D6CF1-B20B-4C58-AAA9-EF96712BA4F3}.Release|x86.Build.0 = Release|Any CPU
		{A68BE0B7-C7B0-429B-B5C4-BA769DF5C35F}.Debug|Any CPU.ActiveCfg = Debug|Any CPU
		{A68BE0B7-C7B0-429B-B5C4-BA769DF5C35F}.Debug|Any CPU.Build.0 = Debug|Any CPU
		{A68BE0B7-C7B0-429B-B5C4-BA769DF5C35F}.Debug|x64.ActiveCfg = Debug|Any CPU
		{A68BE0B7-C7B0-429B-B5C4-BA769DF5C35F}.Debug|x64.Build.0 = Debug|Any CPU
		{A68BE0B7-C7B0-429B-B5C4-BA769DF5C35F}.Debug|x86.ActiveCfg = Debug|Any CPU
		{A68BE0B7-C7B0-429B-B5C4-BA769DF5C35F}.Debug|x86.Build.0 = Debug|Any CPU
		{A68BE0B7-C7B0-429B-B5C4-BA769DF5C35F}.Release|Any CPU.ActiveCfg = Release|Any CPU
		{A68BE0B7-C7B0-429B-B5C4-BA769DF5C35F}.Release|Any CPU.Build.0 = Release|Any CPU
		{A68BE0B7-C7B0-429B-B5C4-BA769DF5C35F}.Release|x64.ActiveCfg = Release|Any CPU
		{A68BE0B7-C7B0-429B-B5C4-BA769DF5C35F}.Release|x64.Build.0 = Release|Any CPU
		{A68BE0B7-C7B0-429B-B5C4-BA769DF5C35F}.Release|x86.ActiveCfg = Release|Any CPU
		{A68BE0B7-C7B0-429B-B5C4-BA769DF5C35F}.Release|x86.Build.0 = Release|Any CPU
		{BF7BB006-35F4-4946-9C84-7A4C93AA877B}.Debug|Any CPU.ActiveCfg = Debug|Any CPU
		{BF7BB006-35F4-4946-9C84-7A4C93AA877B}.Debug|Any CPU.Build.0 = Debug|Any CPU
		{BF7BB006-35F4-4946-9C84-7A4C93AA877B}.Debug|x64.ActiveCfg = Debug|Any CPU
		{BF7BB006-35F4-4946-9C84-7A4C93AA877B}.Debug|x64.Build.0 = Debug|Any CPU
		{BF7BB006-35F4-4946-9C84-7A4C93AA877B}.Debug|x86.ActiveCfg = Debug|Any CPU
		{BF7BB006-35F4-4946-9C84-7A4C93AA877B}.Debug|x86.Build.0 = Debug|Any CPU
		{BF7BB006-35F4-4946-9C84-7A4C93AA877B}.Release|Any CPU.ActiveCfg = Release|Any CPU
		{BF7BB006-35F4-4946-9C84-7A4C93AA877B}.Release|Any CPU.Build.0 = Release|Any CPU
		{BF7BB006-35F4-4946-9C84-7A4C93AA877B}.Release|x64.ActiveCfg = Release|Any CPU
		{BF7BB006-35F4-4946-9C84-7A4C93AA877B}.Release|x64.Build.0 = Release|Any CPU
		{BF7BB006-35F4-4946-9C84-7A4C93AA877B}.Release|x86.ActiveCfg = Release|Any CPU
		{BF7BB006-35F4-4946-9C84-7A4C93AA877B}.Release|x86.Build.0 = Release|Any CPU
		{C6BDD242-D535-46E4-80E7-B883AE6A2D75}.Debug|Any CPU.ActiveCfg = Debug|Any CPU
		{C6BDD242-D535-46E4-80E7-B883AE6A2D75}.Debug|Any CPU.Build.0 = Debug|Any CPU
		{C6BDD242-D535-46E4-80E7-B883AE6A2D75}.Debug|x64.ActiveCfg = Debug|Any CPU
		{C6BDD242-D535-46E4-80E7-B883AE6A2D75}.Debug|x64.Build.0 = Debug|Any CPU
		{C6BDD242-D535-46E4-80E7-B883AE6A2D75}.Debug|x86.ActiveCfg = Debug|Any CPU
		{C6BDD242-D535-46E4-80E7-B883AE6A2D75}.Debug|x86.Build.0 = Debug|Any CPU
		{C6BDD242-D535-46E4-80E7-B883AE6A2D75}.Release|Any CPU.ActiveCfg = Release|Any CPU
		{C6BDD242-D535-46E4-80E7-B883AE6A2D75}.Release|Any CPU.Build.0 = Release|Any CPU
		{C6BDD242-D535-46E4-80E7-B883AE6A2D75}.Release|x64.ActiveCfg = Release|Any CPU
		{C6BDD242-D535-46E4-80E7-B883AE6A2D75}.Release|x64.Build.0 = Release|Any CPU
		{C6BDD242-D535-46E4-80E7-B883AE6A2D75}.Release|x86.ActiveCfg = Release|Any CPU
		{C6BDD242-D535-46E4-80E7-B883AE6A2D75}.Release|x86.Build.0 = Release|Any CPU
		{63644994-B654-4343-907B-DF36856484FC}.Debug|Any CPU.ActiveCfg = Debug|Any CPU
		{63644994-B654-4343-907B-DF36856484FC}.Debug|Any CPU.Build.0 = Debug|Any CPU
		{63644994-B654-4343-907B-DF36856484FC}.Debug|x64.ActiveCfg = Debug|Any CPU
		{63644994-B654-4343-907B-DF36856484FC}.Debug|x64.Build.0 = Debug|Any CPU
		{63644994-B654-4343-907B-DF36856484FC}.Debug|x86.ActiveCfg = Debug|Any CPU
		{63644994-B654-4343-907B-DF36856484FC}.Debug|x86.Build.0 = Debug|Any CPU
		{63644994-B654-4343-907B-DF36856484FC}.Release|Any CPU.ActiveCfg = Release|Any CPU
		{63644994-B654-4343-907B-DF36856484FC}.Release|Any CPU.Build.0 = Release|Any CPU
		{63644994-B654-4343-907B-DF36856484FC}.Release|x64.ActiveCfg = Release|Any CPU
		{63644994-B654-4343-907B-DF36856484FC}.Release|x64.Build.0 = Release|Any CPU
		{63644994-B654-4343-907B-DF36856484FC}.Release|x86.ActiveCfg = Release|Any CPU
		{63644994-B654-4343-907B-DF36856484FC}.Release|x86.Build.0 = Release|Any CPU
	EndGlobalSection
	GlobalSection(SolutionProperties) = preSolution
		HideSolutionNode = FALSE
	EndGlobalSection
EndGlobal
